
Microsoft Visual Studio Solution File, Format Version 12.00
# Visual Studio Version 16
VisualStudioVersion = 16.0.33027.164
MinimumVisualStudioVersion = 10.0.40219.1
Project("{FAE04EC0-301F-11D3-BF4B-00C04F79EFBC}") = "BlackJack.Lib", "BlackJack.Lib\BlackJack.Lib.csproj", "{9B560399-F152-46F6-B312-4BEFEB12EE20}"
EndProject
Project("{FAE04EC0-301F-11D3-BF4B-00C04F79EFBC}") = "BlackJack.GUI", "BlackJack.GUI\BlackJack.GUI.csproj", "{0CD0E5D0-58B7-490D-A0E2-6F1C3AEADA57}"
EndProject
Project("{9A19103F-16F7-4668-BE54-9A1E7A4F7556}") = "BlackJack.Lib.Test", "BlackJack.Lib.Test\BlackJack.Lib.Test.csproj", "{3F5593C9-DCEE-4150-97A5-6E6AD090C71F}"
EndProject
Project("{FAE04EC0-301F-11D3-BF4B-00C04F79EFBC}") = "BlackJack.UI", "BlackJack.UI\BlackJack.UI.csproj", "{5B59C341-8BD9-4655-BBC6-CE19C42687FA}"
EndProject
Project("{FAE04EC0-301F-11D3-BF4B-00C04F79EFBC}") = "BlackJackGame.GUI", "BlackJackGame.GUI\BlackJackGame.GUI.csproj", "{FB492936-1A06-463E-9194-8911A01AF3F9}"
EndProject
Global
	GlobalSection(SolutionConfigurationPlatforms) = preSolution
		Debug|Any CPU = Debug|Any CPU
		Release|Any CPU = Release|Any CPU
	EndGlobalSection
	GlobalSection(ProjectConfigurationPlatforms) = postSolution
		{9B560399-F152-46F6-B312-4BEFEB12EE20}.Debug|Any CPU.ActiveCfg = Debug|Any CPU
		{9B560399-F152-46F6-B312-4BEFEB12EE20}.Debug|Any CPU.Build.0 = Debug|Any CPU
		{9B560399-F152-46F6-B312-4BEFEB12EE20}.Release|Any CPU.ActiveCfg = Release|Any CPU
		{9B560399-F152-46F6-B312-4BEFEB12EE20}.Release|Any CPU.Build.0 = Release|Any CPU
		{0CD0E5D0-58B7-490D-A0E2-6F1C3AEADA57}.Debug|Any CPU.ActiveCfg = Debug|Any CPU
		{0CD0E5D0-58B7-490D-A0E2-6F1C3AEADA57}.Debug|Any CPU.Build.0 = Debug|Any CPU
		{0CD0E5D0-58B7-490D-A0E2-6F1C3AEADA57}.Release|Any CPU.ActiveCfg = Release|Any CPU
		{0CD0E5D0-58B7-490D-A0E2-6F1C3AEADA57}.Release|Any CPU.Build.0 = Release|Any CPU
		{3F5593C9-DCEE-4150-97A5-6E6AD090C71F}.Debug|Any CPU.ActiveCfg = Debug|Any CPU
		{3F5593C9-DCEE-4150-97A5-6E6AD090C71F}.Debug|Any CPU.Build.0 = Debug|Any CPU
		{3F5593C9-DCEE-4150-97A5-6E6AD090C71F}.Release|Any CPU.ActiveCfg = Release|Any CPU
		{3F5593C9-DCEE-4150-97A5-6E6AD090C71F}.Release|Any CPU.Build.0 = Release|Any CPU
		{5B59C341-8BD9-4655-BBC6-CE19C42687FA}.Debug|Any CPU.ActiveCfg = Debug|Any CPU
		{5B59C341-8BD9-4655-BBC6-CE19C42687FA}.Debug|Any CPU.Build.0 = Debug|Any CPU
		{5B59C341-8BD9-4655-BBC6-CE19C42687FA}.Release|Any CPU.ActiveCfg = Release|Any CPU
		{5B59C341-8BD9-4655-BBC6-CE19C42687FA}.Release|Any CPU.Build.0 = Release|Any CPU
		{FB492936-1A06-463E-9194-8911A01AF3F9}.Debug|Any CPU.ActiveCfg = Debug|Any CPU
		{FB492936-1A06-463E-9194-8911A01AF3F9}.Debug|Any CPU.Build.0 = Debug|Any CPU
		{FB492936-1A06-463E-9194-8911A01AF3F9}.Release|Any CPU.ActiveCfg = Release|Any CPU
		{FB492936-1A06-463E-9194-8911A01AF3F9}.Release|Any CPU.Build.0 = Release|Any CPU
	EndGlobalSection
	GlobalSection(SolutionProperties) = preSolution
		HideSolutionNode = FALSE
	EndGlobalSection
	GlobalSection(ExtensibilityGlobals) = postSolution
		SolutionGuid = {76DAC74B-7CB5-4B16-A1E8-20FF0F925398}
	EndGlobalSection
EndGlobal
